
Microsoft Visual Studio Solution File, Format Version 12.00
# Visual Studio Version 17
VisualStudioVersion = 17.0.31903.59
MinimumVisualStudioVersion = 10.0.40219.1
Project("{FAE04EC0-301F-11D3-BF4B-00C04F79EFBC}") = "HelpDesk.API", "HelpDesk.API\HelpDesk.API.csproj", "{57C6C6E6-3597-4014-B044-D239FB110BD3}"
EndProject
Project("{FAE04EC0-301F-11D3-BF4B-00C04F79EFBC}") = "HelpDesk.Services", "HelpDesk.Services\HelpDesk.Services.csproj", "{1014C962-5810-4DD5-9803-16867840C25A}"
EndProject
Project("{FAE04EC0-301F-11D3-BF4B-00C04F79EFBC}") = "HelpDesk.Repositories", "HelpDesk.Repositories\HelpDesk.Repositories.csproj", "{5CF49C65-E27B-4444-83ED-854602C1E316}"
EndProject
Project("{FAE04EC0-301F-11D3-BF4B-00C04F79EFBC}") = "HelpDesk.Domain", "HelpDesk.Domain\HelpDesk.Domain.csproj", "{E1580FC5-F3F3-40E8-B744-83BE1364E509}"
EndProject
Global
	GlobalSection(SolutionConfigurationPlatforms) = preSolution
		Debug|Any CPU = Debug|Any CPU
		Release|Any CPU = Release|Any CPU
	EndGlobalSection
	GlobalSection(SolutionProperties) = preSolution
		HideSolutionNode = FALSE
	EndGlobalSection
	GlobalSection(ProjectConfigurationPlatforms) = postSolution
		{57C6C6E6-3597-4014-B044-D239FB110BD3}.Debug|Any CPU.ActiveCfg = Debug|Any CPU
		{57C6C6E6-3597-4014-B044-D239FB110BD3}.Debug|Any CPU.Build.0 = Debug|Any CPU
		{57C6C6E6-3597-4014-B044-D239FB110BD3}.Release|Any CPU.ActiveCfg = Release|Any CPU
		{57C6C6E6-3597-4014-B044-D239FB110BD3}.Release|Any CPU.Build.0 = Release|Any CPU
		{1014C962-5810-4DD5-9803-16867840C25A}.Debug|Any CPU.ActiveCfg = Debug|Any CPU
		{1014C962-5810-4DD5-9803-16867840C25A}.Debug|Any CPU.Build.0 = Debug|Any CPU
		{1014C962-5810-4DD5-9803-16867840C25A}.Release|Any CPU.ActiveCfg = Release|Any CPU
		{1014C962-5810-4DD5-9803-16867840C25A}.Release|Any CPU.Build.0 = Release|Any CPU
		{5CF49C65-E27B-4444-83ED-854602C1E316}.Debug|Any CPU.ActiveCfg = Debug|Any CPU
		{5CF49C65-E27B-4444-83ED-854602C1E316}.Debug|Any CPU.Build.0 = Debug|Any CPU
		{5CF49C65-E27B-4444-83ED-854602C1E316}.Release|Any CPU.ActiveCfg = Release|Any CPU
		{5CF49C65-E27B-4444-83ED-854602C1E316}.Release|Any CPU.Build.0 = Release|Any CPU
		{E1580FC5-F3F3-40E8-B744-83BE1364E509}.Debug|Any CPU.ActiveCfg = Debug|Any CPU
		{E1580FC5-F3F3-40E8-B744-83BE1364E509}.Debug|Any CPU.Build.0 = Debug|Any CPU
		{E1580FC5-F3F3-40E8-B744-83BE1364E509}.Release|Any CPU.ActiveCfg = Release|Any CPU
		{E1580FC5-F3F3-40E8-B744-83BE1364E509}.Release|Any CPU.Build.0 = Release|Any CPU
	EndGlobalSection
EndGlobal
